
Microsoft Visual Studio Solution File, Format Version 12.00
# Visual Studio Version 17
VisualStudioVersion = 17.0.31903.59
MinimumVisualStudioVersion = 10.0.40219.1
Project("{FAE04EC0-301F-11D3-BF4B-00C04F79EFBC}") = "OoLunar.DSharpPlus.CommandAll", "src\OoLunar.DSharpPlus.CommandAll.csproj", "{1A5B485B-5D6A-44D0-9346-19A4A8E1778F}"
EndProject
Project("{FAE04EC0-301F-11D3-BF4B-00C04F79EFBC}") = "OoLunar.DSharpPlus.CommandAll.Tests", "tests\OoLunar.DSharpPlus.CommandAll.Tests.csproj", "{D206AA9B-45F3-47E5-8840-5DC08875FE76}"
EndProject
Project("{2150E333-8FDC-42A3-9474-1A3956D46DE8}") = "examples", "examples", "{6BBB53CE-7077-4F6B-9403-D5B7A9B6A960}"
EndProject
Project("{FAE04EC0-301F-11D3-BF4B-00C04F79EFBC}") = "ArgumentConverters", "examples\ArgumentConverters\ArgumentConverters.csproj", "{06F0E48A-D475-433F-BECB-D29F5DD62CCA}"
EndProject
Project("{FAE04EC0-301F-11D3-BF4B-00C04F79EFBC}") = "HelpCommand", "examples\HelpCommand\HelpCommand.csproj", "{EC9AB4BF-26FD-4AC0-9F1B-7CC0CF66B64F}"
EndProject
Project("{FAE04EC0-301F-11D3-BF4B-00C04F79EFBC}") = "PingCommand", "examples\PingCommand\PingCommand.csproj", "{9606ADC0-CAA8-4B77-8365-92315E6F111B}"
EndProject
Project("{FAE04EC0-301F-11D3-BF4B-00C04F79EFBC}") = "SlashMetadata", "examples\SlashMetadata\SlashMetadata.csproj", "{58714C4A-98BB-4714-931E-A68565DD8F86}"
EndProject
Project("{FAE04EC0-301F-11D3-BF4B-00C04F79EFBC}") = "ParamsCommand", "examples\ParamsCommand\ParamsCommand.csproj", "{5F5E6434-2C2E-4E05-BE88-CE42EBB97979}"
EndProject
Global
	GlobalSection(SolutionConfigurationPlatforms) = preSolution
		Debug|Any CPU = Debug|Any CPU
		Release|Any CPU = Release|Any CPU
	EndGlobalSection
	GlobalSection(SolutionProperties) = preSolution
		HideSolutionNode = FALSE
	EndGlobalSection
	GlobalSection(ProjectConfigurationPlatforms) = postSolution
		{1A5B485B-5D6A-44D0-9346-19A4A8E1778F}.Debug|Any CPU.ActiveCfg = Debug|Any CPU
		{1A5B485B-5D6A-44D0-9346-19A4A8E1778F}.Debug|Any CPU.Build.0 = Debug|Any CPU
		{1A5B485B-5D6A-44D0-9346-19A4A8E1778F}.Release|Any CPU.ActiveCfg = Release|Any CPU
		{1A5B485B-5D6A-44D0-9346-19A4A8E1778F}.Release|Any CPU.Build.0 = Release|Any CPU
		{D206AA9B-45F3-47E5-8840-5DC08875FE76}.Debug|Any CPU.ActiveCfg = Debug|Any CPU
		{D206AA9B-45F3-47E5-8840-5DC08875FE76}.Debug|Any CPU.Build.0 = Debug|Any CPU
		{D206AA9B-45F3-47E5-8840-5DC08875FE76}.Release|Any CPU.ActiveCfg = Release|Any CPU
		{D206AA9B-45F3-47E5-8840-5DC08875FE76}.Release|Any CPU.Build.0 = Release|Any CPU
		{06F0E48A-D475-433F-BECB-D29F5DD62CCA}.Debug|Any CPU.ActiveCfg = Debug|Any CPU
		{06F0E48A-D475-433F-BECB-D29F5DD62CCA}.Debug|Any CPU.Build.0 = Debug|Any CPU
		{06F0E48A-D475-433F-BECB-D29F5DD62CCA}.Release|Any CPU.ActiveCfg = Release|Any CPU
		{06F0E48A-D475-433F-BECB-D29F5DD62CCA}.Release|Any CPU.Build.0 = Release|Any CPU
		{EC9AB4BF-26FD-4AC0-9F1B-7CC0CF66B64F}.Debug|Any CPU.ActiveCfg = Debug|Any CPU
		{EC9AB4BF-26FD-4AC0-9F1B-7CC0CF66B64F}.Debug|Any CPU.Build.0 = Debug|Any CPU
		{EC9AB4BF-26FD-4AC0-9F1B-7CC0CF66B64F}.Release|Any CPU.ActiveCfg = Release|Any CPU
		{EC9AB4BF-26FD-4AC0-9F1B-7CC0CF66B64F}.Release|Any CPU.Build.0 = Release|Any CPU
		{9606ADC0-CAA8-4B77-8365-92315E6F111B}.Debug|Any CPU.ActiveCfg = Debug|Any CPU
		{9606ADC0-CAA8-4B77-8365-92315E6F111B}.Debug|Any CPU.Build.0 = Debug|Any CPU
		{9606ADC0-CAA8-4B77-8365-92315E6F111B}.Release|Any CPU.ActiveCfg = Release|Any CPU
		{9606ADC0-CAA8-4B77-8365-92315E6F111B}.Release|Any CPU.Build.0 = Release|Any CPU
		{58714C4A-98BB-4714-931E-A68565DD8F86}.Debug|Any CPU.ActiveCfg = Debug|Any CPU
		{58714C4A-98BB-4714-931E-A68565DD8F86}.Debug|Any CPU.Build.0 = Debug|Any CPU
		{58714C4A-98BB-4714-931E-A68565DD8F86}.Release|Any CPU.ActiveCfg = Release|Any CPU
		{58714C4A-98BB-4714-931E-A68565DD8F86}.Release|Any CPU.Build.0 = Release|Any CPU
		{5F5E6434-2C2E-4E05-BE88-CE42EBB97979}.Debug|Any CPU.ActiveCfg = Debug|Any CPU
		{5F5E6434-2C2E-4E05-BE88-CE42EBB97979}.Debug|Any CPU.Build.0 = Debug|Any CPU
		{5F5E6434-2C2E-4E05-BE88-CE42EBB97979}.Release|Any CPU.ActiveCfg = Release|Any CPU
		{5F5E6434-2C2E-4E05-BE88-CE42EBB97979}.Release|Any CPU.Build.0 = Release|Any CPU
	EndGlobalSection
	GlobalSection(NestedProjects) = preSolution
		{06F0E48A-D475-433F-BECB-D29F5DD62CCA} = {6BBB53CE-7077-4F6B-9403-D5B7A9B6A960}
		{EC9AB4BF-26FD-4AC0-9F1B-7CC0CF66B64F} = {6BBB53CE-7077-4F6B-9403-D5B7A9B6A960}
		{9606ADC0-CAA8-4B77-8365-92315E6F111B} = {6BBB53CE-7077-4F6B-9403-D5B7A9B6A960}
		{58714C4A-98BB-4714-931E-A68565DD8F86} = {6BBB53CE-7077-4F6B-9403-D5B7A9B6A960}
		{5F5E6434-2C2E-4E05-BE88-CE42EBB97979} = {6BBB53CE-7077-4F6B-9403-D5B7A9B6A960}
	EndGlobalSection
EndGlobal
